PODS:
  - AppCenter (1.1.0):
    - AppCenter/Analytics (= 1.1.0)
    - AppCenter/Crashes (= 1.1.0)
  - AppCenter/Analytics (1.1.0):
    - AppCenter/Core
  - AppCenter/Core (1.1.0)
  - AppCenter/Crashes (1.1.0):
    - AppCenter/Core
  - AppCenterXCUITestExtensions (1.0.0)

DEPENDENCIES:
  - AppCenter
  - AppCenterXCUITestExtensions

SPEC CHECKSUMS:
  AppCenter: 97c88c10f83719de514aa7f186766f289012f074
  AppCenterXCUITestExtensions: 8825ed941664fa21d6740a5ed6928a84c06623ac

PODFILE CHECKSUM: 7a73c9baffc1311e23786fcf0c7e701dc9a8cb77

COCOAPODS: 1.2.1
